
Microsoft Visual Studio Solution File, Format Version 12.00
# Visual Studio Version 17
VisualStudioVersion = 17.1.32210.238
MinimumVisualStudioVersion = 10.0.40219.1
Project("{9A19103F-16F7-4668-BE54-9A1E7A4F7556}") = "RomanNumeralConvert", "RomanNumeralConvert\RomanNumeralConvert.csproj", "{51F50226-041E-4D4F-96FA-E4FB1F75C100}"
EndProject
Project("{9A19103F-16F7-4668-BE54-9A1E7A4F7556}") = "TwoSum", "TwoSum\TwoSum.csproj", "{BA2B66E2-27B4-4828-902F-25F3238B088C}"
EndProject
Project("{FAE04EC0-301F-11D3-BF4B-00C04F79EFBC}") = "ReverseInteger", "ReverseInteger\ReverseInteger.csproj", "{C546994E-A541-4454-AFEE-EBB432073A82}"
EndProject
Global
	GlobalSection(SolutionConfigurationPlatforms) = preSolution
		Debug|Any CPU = Debug|Any CPU
		Release|Any CPU = Release|Any CPU
	EndGlobalSection
	GlobalSection(ProjectConfigurationPlatforms) = postSolution
		{51F50226-041E-4D4F-96FA-E4FB1F75C100}.Debug|Any CPU.ActiveCfg = Debug|Any CPU
		{51F50226-041E-4D4F-96FA-E4FB1F75C100}.Debug|Any CPU.Build.0 = Debug|Any CPU
		{51F50226-041E-4D4F-96FA-E4FB1F75C100}.Release|Any CPU.ActiveCfg = Release|Any CPU
		{51F50226-041E-4D4F-96FA-E4FB1F75C100}.Release|Any CPU.Build.0 = Release|Any CPU
		{BA2B66E2-27B4-4828-902F-25F3238B088C}.Debug|Any CPU.ActiveCfg = Debug|Any CPU
		{BA2B66E2-27B4-4828-902F-25F3238B088C}.Debug|Any CPU.Build.0 = Debug|Any CPU
		{BA2B66E2-27B4-4828-902F-25F3238B088C}.Release|Any CPU.ActiveCfg = Release|Any CPU
		{BA2B66E2-27B4-4828-902F-25F3238B088C}.Release|Any CPU.Build.0 = Release|Any CPU
		{C546994E-A541-4454-AFEE-EBB432073A82}.Debug|Any CPU.ActiveCfg = Debug|Any CPU
		{C546994E-A541-4454-AFEE-EBB432073A82}.Debug|Any CPU.Build.0 = Debug|Any CPU
		{C546994E-A541-4454-AFEE-EBB432073A82}.Release|Any CPU.ActiveCfg = Release|Any CPU
		{C546994E-A541-4454-AFEE-EBB432073A82}.Release|Any CPU.Build.0 = Release|Any CPU
	EndGlobalSection
	GlobalSection(SolutionProperties) = preSolution
		HideSolutionNode = FALSE
	EndGlobalSection
	GlobalSection(ExtensibilityGlobals) = postSolution
		SolutionGuid = {F2351D44-670A-4C92-AE25-B931D5EE10DD}
	EndGlobalSection
EndGlobal
